
Microsoft Visual Studio Solution File, Format Version 12.00
# Visual Studio 15
VisualStudioVersion = 15.0.28307.168
MinimumVisualStudioVersion = 10.0.40219.1
Project("{FAE04EC0-301F-11D3-BF4B-00C04F79EFBC}") = "ScheduleApp", "ScheduleApp\ScheduleApp.csproj", "{D4B14D83-84B9-48AA-A4FF-AC71B7EDC2E4}"
EndProject
Global
	GlobalSection(SolutionConfigurationPlatforms) = preSolution
		Debug|Any CPU = Debug|Any CPU
		Release|Any CPU = Release|Any CPU
	EndGlobalSection
	GlobalSection(ProjectConfigurationPlatforms) = postSolution
		{D4B14D83-84B9-48AA-A4FF-AC71B7EDC2E4}.Debug|Any CPU.ActiveCfg = Debug|Any CPU
		{D4B14D83-84B9-48AA-A4FF-AC71B7EDC2E4}.Debug|Any CPU.Build.0 = Debug|Any CPU
		{D4B14D83-84B9-48AA-A4FF-AC71B7EDC2E4}.Release|Any CPU.ActiveCfg = Release|Any CPU
		{D4B14D83-84B9-48AA-A4FF-AC71B7EDC2E4}.Release|Any CPU.Build.0 = Release|Any CPU
	EndGlobalSection
	GlobalSection(SolutionProperties) = preSolution
		HideSolutionNode = FALSE
	EndGlobalSection
	GlobalSection(ExtensibilityGlobals) = postSolution
		SolutionGuid = {27AE9156-A7C4-40C6-AEC5-B1AC84EE50D6}
	EndGlobalSection
EndGlobal
